
Microsoft Visual Studio Solution File, Format Version 12.00
# Visual Studio Version 17
VisualStudioVersion = 17.0.31903.59
MinimumVisualStudioVersion = 10.0.40219.1
Project("{2150E333-8FDC-42A3-9474-1A3956D46DE8}") = "src", "src", "{63D161EE-A347-44AD-8E5F-09DE68661175}"
EndProject
Project("{9A19103F-16F7-4668-BE54-9A1E7A4F7556}") = "Simple.Producer", "src\Simple.Producer\Simple.Producer.csproj", "{C8B52FEC-8E28-422E-ADFC-E2D6F6978DEC}"
EndProject
Project("{9A19103F-16F7-4668-BE54-9A1E7A4F7556}") = "Simple.Consumer", "src\Simple.Consumer\Simple.Consumer.csproj", "{DBA79568-DDCD-444E-A640-E5EA1C0CF99F}"
EndProject
Project("{9A19103F-16F7-4668-BE54-9A1E7A4F7556}") = "Avro.Consumer", "src\Avro.Consumer\Avro.Consumer.csproj", "{2C2567DB-B67B-470E-B99C-872FAB39BDCE}"
EndProject
Project("{9A19103F-16F7-4668-BE54-9A1E7A4F7556}") = "Avro.Producer", "src\Avro.Producer\Avro.Producer.csproj", "{63B7DF67-2A69-4A57-8642-930FD04AB5D4}"
EndProject
Project("{9A19103F-16F7-4668-BE54-9A1E7A4F7556}") = "Json.Producer", "src\Json.Producer\Json.Producer.csproj", "{1BE1732A-269F-4037-B38F-D06FC5C566A8}"
EndProject
Project("{9A19103F-16F7-4668-BE54-9A1E7A4F7556}") = "Json.Consumer", "src\Json.Consumer\Json.Consumer.csproj", "{9A584540-BE1A-4997-BF83-3042099B4152}"
EndProject
Project("{9A19103F-16F7-4668-BE54-9A1E7A4F7556}") = "Json.Serdes.Schemaless.Consumer", "src\Json.Serdes.Schemaless.Consumer\Json.Serdes.Schemaless.Consumer.csproj", "{AE4FDDE3-415C-4904-A205-2E42F45A6590}"
EndProject
Project("{FAE04EC0-301F-11D3-BF4B-00C04F79EFBC}") = "Json.Serdes.Schemaless", "src\Json.Serdes.Schemaless\Json.Serdes.Schemaless.csproj", "{9BDC749A-4397-449A-B0AB-8376309D1F72}"
EndProject
Project("{FAE04EC0-301F-11D3-BF4B-00C04F79EFBC}") = "Json.Serdes.Schemaless.Producer", "src\Json.Serdes.Schemaless.Producer\Json.Serdes.Schemaless.Producer.csproj", "{57353B13-ECBA-44E3-8AD8-E6AC7C962276}"
EndProject
Global
	GlobalSection(SolutionConfigurationPlatforms) = preSolution
		Debug|Any CPU = Debug|Any CPU
		Release|Any CPU = Release|Any CPU
	EndGlobalSection
	GlobalSection(ProjectConfigurationPlatforms) = postSolution
		{C8B52FEC-8E28-422E-ADFC-E2D6F6978DEC}.Debug|Any CPU.ActiveCfg = Debug|Any CPU
		{C8B52FEC-8E28-422E-ADFC-E2D6F6978DEC}.Debug|Any CPU.Build.0 = Debug|Any CPU
		{C8B52FEC-8E28-422E-ADFC-E2D6F6978DEC}.Release|Any CPU.ActiveCfg = Release|Any CPU
		{C8B52FEC-8E28-422E-ADFC-E2D6F6978DEC}.Release|Any CPU.Build.0 = Release|Any CPU
		{DBA79568-DDCD-444E-A640-E5EA1C0CF99F}.Debug|Any CPU.ActiveCfg = Debug|Any CPU
		{DBA79568-DDCD-444E-A640-E5EA1C0CF99F}.Debug|Any CPU.Build.0 = Debug|Any CPU
		{DBA79568-DDCD-444E-A640-E5EA1C0CF99F}.Release|Any CPU.ActiveCfg = Release|Any CPU
		{DBA79568-DDCD-444E-A640-E5EA1C0CF99F}.Release|Any CPU.Build.0 = Release|Any CPU
		{2C2567DB-B67B-470E-B99C-872FAB39BDCE}.Debug|Any CPU.ActiveCfg = Debug|Any CPU
		{2C2567DB-B67B-470E-B99C-872FAB39BDCE}.Debug|Any CPU.Build.0 = Debug|Any CPU
		{2C2567DB-B67B-470E-B99C-872FAB39BDCE}.Release|Any CPU.ActiveCfg = Release|Any CPU
		{2C2567DB-B67B-470E-B99C-872FAB39BDCE}.Release|Any CPU.Build.0 = Release|Any CPU
		{63B7DF67-2A69-4A57-8642-930FD04AB5D4}.Debug|Any CPU.ActiveCfg = Debug|Any CPU
		{63B7DF67-2A69-4A57-8642-930FD04AB5D4}.Debug|Any CPU.Build.0 = Debug|Any CPU
		{63B7DF67-2A69-4A57-8642-930FD04AB5D4}.Release|Any CPU.ActiveCfg = Release|Any CPU
		{63B7DF67-2A69-4A57-8642-930FD04AB5D4}.Release|Any CPU.Build.0 = Release|Any CPU
		{1BE1732A-269F-4037-B38F-D06FC5C566A8}.Debug|Any CPU.ActiveCfg = Debug|Any CPU
		{1BE1732A-269F-4037-B38F-D06FC5C566A8}.Debug|Any CPU.Build.0 = Debug|Any CPU
		{1BE1732A-269F-4037-B38F-D06FC5C566A8}.Release|Any CPU.ActiveCfg = Release|Any CPU
		{1BE1732A-269F-4037-B38F-D06FC5C566A8}.Release|Any CPU.Build.0 = Release|Any CPU
		{9A584540-BE1A-4997-BF83-3042099B4152}.Debug|Any CPU.ActiveCfg = Debug|Any CPU
		{9A584540-BE1A-4997-BF83-3042099B4152}.Debug|Any CPU.Build.0 = Debug|Any CPU
		{9A584540-BE1A-4997-BF83-3042099B4152}.Release|Any CPU.ActiveCfg = Release|Any CPU
		{9A584540-BE1A-4997-BF83-3042099B4152}.Release|Any CPU.Build.0 = Release|Any CPU
		{AE4FDDE3-415C-4904-A205-2E42F45A6590}.Debug|Any CPU.ActiveCfg = Debug|Any CPU
		{AE4FDDE3-415C-4904-A205-2E42F45A6590}.Debug|Any CPU.Build.0 = Debug|Any CPU
		{AE4FDDE3-415C-4904-A205-2E42F45A6590}.Release|Any CPU.ActiveCfg = Release|Any CPU
		{AE4FDDE3-415C-4904-A205-2E42F45A6590}.Release|Any CPU.Build.0 = Release|Any CPU
		{9BDC749A-4397-449A-B0AB-8376309D1F72}.Debug|Any CPU.ActiveCfg = Debug|Any CPU
		{9BDC749A-4397-449A-B0AB-8376309D1F72}.Debug|Any CPU.Build.0 = Debug|Any CPU
		{9BDC749A-4397-449A-B0AB-8376309D1F72}.Release|Any CPU.ActiveCfg = Release|Any CPU
		{9BDC749A-4397-449A-B0AB-8376309D1F72}.Release|Any CPU.Build.0 = Release|Any CPU
		{57353B13-ECBA-44E3-8AD8-E6AC7C962276}.Debug|Any CPU.ActiveCfg = Debug|Any CPU
		{57353B13-ECBA-44E3-8AD8-E6AC7C962276}.Debug|Any CPU.Build.0 = Debug|Any CPU
		{57353B13-ECBA-44E3-8AD8-E6AC7C962276}.Release|Any CPU.ActiveCfg = Release|Any CPU
		{57353B13-ECBA-44E3-8AD8-E6AC7C962276}.Release|Any CPU.Build.0 = Release|Any CPU
	EndGlobalSection
	GlobalSection(SolutionProperties) = preSolution
		HideSolutionNode = FALSE
	EndGlobalSection
	GlobalSection(NestedProjects) = preSolution
		{C8B52FEC-8E28-422E-ADFC-E2D6F6978DEC} = {63D161EE-A347-44AD-8E5F-09DE68661175}
		{DBA79568-DDCD-444E-A640-E5EA1C0CF99F} = {63D161EE-A347-44AD-8E5F-09DE68661175}
		{2C2567DB-B67B-470E-B99C-872FAB39BDCE} = {63D161EE-A347-44AD-8E5F-09DE68661175}
		{63B7DF67-2A69-4A57-8642-930FD04AB5D4} = {63D161EE-A347-44AD-8E5F-09DE68661175}
		{1BE1732A-269F-4037-B38F-D06FC5C566A8} = {63D161EE-A347-44AD-8E5F-09DE68661175}
		{9A584540-BE1A-4997-BF83-3042099B4152} = {63D161EE-A347-44AD-8E5F-09DE68661175}
		{AE4FDDE3-415C-4904-A205-2E42F45A6590} = {63D161EE-A347-44AD-8E5F-09DE68661175}
		{9BDC749A-4397-449A-B0AB-8376309D1F72} = {63D161EE-A347-44AD-8E5F-09DE68661175}
		{57353B13-ECBA-44E3-8AD8-E6AC7C962276} = {63D161EE-A347-44AD-8E5F-09DE68661175}
	EndGlobalSection
	GlobalSection(ExtensibilityGlobals) = postSolution
		SolutionGuid = {E2D30618-F7F8-48B4-9A87-5367D5A6F471}
	EndGlobalSection
EndGlobal
